
Microsoft Visual Studio Solution File, Format Version 12.00
# Visual Studio Version 16
VisualStudioVersion = 16.0.30014.187
MinimumVisualStudioVersion = 10.0.40219.1
Project("{9A19103F-16F7-4668-BE54-9A1E7A4F7556}") = "Sandbox", "Sandbox\Sandbox.csproj", "{75FCB343-140C-468C-9AB3-E486098AB86F}"
EndProject
Project("{9A19103F-16F7-4668-BE54-9A1E7A4F7556}") = "VotingSystem.Tests", "VotingSystem.Tests\VotingSystem.Tests.csproj", "{70EEE1AB-769D-45D1-ADA2-74096B2DC968}"
EndProject
Project("{FAE04EC0-301F-11D3-BF4B-00C04F79EFBC}") = "Sandbox.EFCore", "Sandbox.EFCore\Sandbox.EFCore.csproj", "{DA969917-342E-4A33-8A3B-97F889E23864}"
EndProject
Project("{FAE04EC0-301F-11D3-BF4B-00C04F79EFBC}") = "VotingSystem", "VotingSystem\VotingSystem.csproj", "{EA49FB8E-32ED-4827-8FF9-1C47F4FF3F6D}"
EndProject
Project("{FAE04EC0-301F-11D3-BF4B-00C04F79EFBC}") = "VotingSystem.Application", "VotingSystem.Application\VotingSystem.Application.csproj", "{E80B2A1C-FE4B-4B6F-86EE-A7C7E644A52B}"
EndProject
Project("{FAE04EC0-301F-11D3-BF4B-00C04F79EFBC}") = "VotingSystem.Application.Tests", "VotingSystem.Application.Tests\VotingSystem.Application.Tests.csproj", "{6E473082-D55F-4BBD-A2A8-0AA1FC35C4F4}"
EndProject
Project("{2150E333-8FDC-42A3-9474-1A3956D46DE8}") = "src", "src", "{9152FA32-A695-47D3-8F81-78B4C3B0E02E}"
EndProject
Project("{2150E333-8FDC-42A3-9474-1A3956D46DE8}") = "tests", "tests", "{1A4663E8-52CC-4606-B9C7-7B19ACEF4517}"
EndProject
Global
	GlobalSection(SolutionConfigurationPlatforms) = preSolution
		Debug|Any CPU = Debug|Any CPU
		Release|Any CPU = Release|Any CPU
	EndGlobalSection
	GlobalSection(ProjectConfigurationPlatforms) = postSolution
		{75FCB343-140C-468C-9AB3-E486098AB86F}.Debug|Any CPU.ActiveCfg = Debug|Any CPU
		{75FCB343-140C-468C-9AB3-E486098AB86F}.Debug|Any CPU.Build.0 = Debug|Any CPU
		{75FCB343-140C-468C-9AB3-E486098AB86F}.Release|Any CPU.ActiveCfg = Release|Any CPU
		{75FCB343-140C-468C-9AB3-E486098AB86F}.Release|Any CPU.Build.0 = Release|Any CPU
		{70EEE1AB-769D-45D1-ADA2-74096B2DC968}.Debug|Any CPU.ActiveCfg = Debug|Any CPU
		{70EEE1AB-769D-45D1-ADA2-74096B2DC968}.Debug|Any CPU.Build.0 = Debug|Any CPU
		{70EEE1AB-769D-45D1-ADA2-74096B2DC968}.Release|Any CPU.ActiveCfg = Release|Any CPU
		{70EEE1AB-769D-45D1-ADA2-74096B2DC968}.Release|Any CPU.Build.0 = Release|Any CPU
		{DA969917-342E-4A33-8A3B-97F889E23864}.Debug|Any CPU.ActiveCfg = Debug|Any CPU
		{DA969917-342E-4A33-8A3B-97F889E23864}.Debug|Any CPU.Build.0 = Debug|Any CPU
		{DA969917-342E-4A33-8A3B-97F889E23864}.Release|Any CPU.ActiveCfg = Release|Any CPU
		{DA969917-342E-4A33-8A3B-97F889E23864}.Release|Any CPU.Build.0 = Release|Any CPU
		{EA49FB8E-32ED-4827-8FF9-1C47F4FF3F6D}.Debug|Any CPU.ActiveCfg = Debug|Any CPU
		{EA49FB8E-32ED-4827-8FF9-1C47F4FF3F6D}.Debug|Any CPU.Build.0 = Debug|Any CPU
		{EA49FB8E-32ED-4827-8FF9-1C47F4FF3F6D}.Release|Any CPU.ActiveCfg = Release|Any CPU
		{EA49FB8E-32ED-4827-8FF9-1C47F4FF3F6D}.Release|Any CPU.Build.0 = Release|Any CPU
		{E80B2A1C-FE4B-4B6F-86EE-A7C7E644A52B}.Debug|Any CPU.ActiveCfg = Debug|Any CPU
		{E80B2A1C-FE4B-4B6F-86EE-A7C7E644A52B}.Debug|Any CPU.Build.0 = Debug|Any CPU
		{E80B2A1C-FE4B-4B6F-86EE-A7C7E644A52B}.Release|Any CPU.ActiveCfg = Release|Any CPU
		{E80B2A1C-FE4B-4B6F-86EE-A7C7E644A52B}.Release|Any CPU.Build.0 = Release|Any CPU
		{6E473082-D55F-4BBD-A2A8-0AA1FC35C4F4}.Debug|Any CPU.ActiveCfg = Debug|Any CPU
		{6E473082-D55F-4BBD-A2A8-0AA1FC35C4F4}.Debug|Any CPU.Build.0 = Debug|Any CPU
		{6E473082-D55F-4BBD-A2A8-0AA1FC35C4F4}.Release|Any CPU.ActiveCfg = Release|Any CPU
		{6E473082-D55F-4BBD-A2A8-0AA1FC35C4F4}.Release|Any CPU.Build.0 = Release|Any CPU
	EndGlobalSection
	GlobalSection(SolutionProperties) = preSolution
		HideSolutionNode = FALSE
	EndGlobalSection
	GlobalSection(NestedProjects) = preSolution
		{70EEE1AB-769D-45D1-ADA2-74096B2DC968} = {1A4663E8-52CC-4606-B9C7-7B19ACEF4517}
		{EA49FB8E-32ED-4827-8FF9-1C47F4FF3F6D} = {9152FA32-A695-47D3-8F81-78B4C3B0E02E}
		{E80B2A1C-FE4B-4B6F-86EE-A7C7E644A52B} = {9152FA32-A695-47D3-8F81-78B4C3B0E02E}
		{6E473082-D55F-4BBD-A2A8-0AA1FC35C4F4} = {1A4663E8-52CC-4606-B9C7-7B19ACEF4517}
	EndGlobalSection
	GlobalSection(ExtensibilityGlobals) = postSolution
		SolutionGuid = {9C9F250D-5138-4F4C-9EDD-EEB5FD9562A9}
	EndGlobalSection
EndGlobal
